
Microsoft Visual Studio Solution File, Format Version 12.00
# Visual Studio 15
VisualStudioVersion = 15.0.26730.10
MinimumVisualStudioVersion = 10.0.40219.1

Project("{6EC3EE1D-3C4E-46DD-8F32-0CC8E7565705}") = "ShowerBuddy", "ShowerBuddy\ShowerBuddy.fsproj", "{1B8A464E-B411-48E9-A9D0-97EEB1FB12FF}"
EndProject

Project("{F2A71F9B-5D33-465A-A702-920D77279786}") = "ShowerBuddy.Android", "ShowerBuddy.Android\ShowerBuddy.Android.fsproj", "{4871C0A0-D893-4610-9FEB-74CF04575FFD}"
EndProject


Project("{F2A71F9B-5D33-465A-A702-920D77279786}") = "ShowerBuddy.iOS", "ShowerBuddy.iOS\ShowerBuddy.iOS.fsproj", "{3059B9F3-F724-47C9-B93C-059F5D947946}"
EndProject




Global
	GlobalSection(SolutionConfigurationPlatforms) = preSolution
		Ad-Hoc|Any CPU = Ad-Hoc|Any CPU
		Ad-Hoc|ARM = Ad-Hoc|ARM
		Ad-Hoc|iPhone = Ad-Hoc|iPhone
		Ad-Hoc|iPhoneSimulator = Ad-Hoc|iPhoneSimulator
		Ad-Hoc|x64 = Ad-Hoc|x64
		Ad-Hoc|x86 = Ad-Hoc|x86
		AppStore|Any CPU = AppStore|Any CPU
		AppStore|ARM = AppStore|ARM
		AppStore|iPhone = AppStore|iPhone
		AppStore|iPhoneSimulator = AppStore|iPhoneSimulator
		AppStore|x64 = AppStore|x64
		AppStore|x86 = AppStore|x86
		Debug|Any CPU = Debug|Any CPU
		Debug|ARM = Debug|ARM
		Debug|iPhone = Debug|iPhone
		Debug|iPhoneSimulator = Debug|iPhoneSimulator
		Debug|x64 = Debug|x64
		Debug|x86 = Debug|x86
		Release|Any CPU = Release|Any CPU
		Release|ARM = Release|ARM
		Release|iPhone = Release|iPhone
		Release|iPhoneSimulator = Release|iPhoneSimulator
		Release|x64 = Release|x64
		Release|x86 = Release|x86
	EndGlobalSection
	GlobalSection(ProjectConfigurationPlatforms) = postSolution
		{1B8A464E-B411-48E9-A9D0-97EEB1FB12FF}.Ad-Hoc|Any CPU.ActiveCfg = Debug|Any CPU
		{1B8A464E-B411-48E9-A9D0-97EEB1FB12FF}.Ad-Hoc|Any CPU.Build.0 = Debug|Any CPU
		{1B8A464E-B411-48E9-A9D0-97EEB1FB12FF}.Ad-Hoc|ARM.ActiveCfg = Debug|Any CPU
		{1B8A464E-B411-48E9-A9D0-97EEB1FB12FF}.Ad-Hoc|ARM.Build.0 = Debug|Any CPU
		{1B8A464E-B411-48E9-A9D0-97EEB1FB12FF}.Ad-Hoc|iPhone.ActiveCfg = Debug|Any CPU
		{1B8A464E-B411-48E9-A9D0-97EEB1FB12FF}.Ad-Hoc|iPhone.Build.0 = Debug|Any CPU
		{1B8A464E-B411-48E9-A9D0-97EEB1FB12FF}.Ad-Hoc|iPhoneSimulator.ActiveCfg = Debug|Any CPU
		{1B8A464E-B411-48E9-A9D0-97EEB1FB12FF}.Ad-Hoc|iPhoneSimulator.Build.0 = Debug|Any CPU
		{1B8A464E-B411-48E9-A9D0-97EEB1FB12FF}.Ad-Hoc|x64.ActiveCfg = Debug|Any CPU
		{1B8A464E-B411-48E9-A9D0-97EEB1FB12FF}.Ad-Hoc|x64.Build.0 = Debug|Any CPU
		{1B8A464E-B411-48E9-A9D0-97EEB1FB12FF}.Ad-Hoc|x86.ActiveCfg = Debug|Any CPU
		{1B8A464E-B411-48E9-A9D0-97EEB1FB12FF}.Ad-Hoc|x86.Build.0 = Debug|Any CPU
		{1B8A464E-B411-48E9-A9D0-97EEB1FB12FF}.AppStore|Any CPU.ActiveCfg = Debug|Any CPU
		{1B8A464E-B411-48E9-A9D0-97EEB1FB12FF}.AppStore|Any CPU.Build.0 = Debug|Any CPU
		{1B8A464E-B411-48E9-A9D0-97EEB1FB12FF}.AppStore|ARM.ActiveCfg = Debug|Any CPU
		{1B8A464E-B411-48E9-A9D0-97EEB1FB12FF}.AppStore|ARM.Build.0 = Debug|Any CPU
		{1B8A464E-B411-48E9-A9D0-97EEB1FB12FF}.AppStore|iPhone.ActiveCfg = Debug|Any CPU
		{1B8A464E-B411-48E9-A9D0-97EEB1FB12FF}.AppStore|iPhone.Build.0 = Debug|Any CPU
		{1B8A464E-B411-48E9-A9D0-97EEB1FB12FF}.AppStore|iPhoneSimulator.ActiveCfg = Debug|Any CPU
		{1B8A464E-B411-48E9-A9D0-97EEB1FB12FF}.AppStore|iPhoneSimulator.Build.0 = Debug|Any CPU
		{1B8A464E-B411-48E9-A9D0-97EEB1FB12FF}.AppStore|x64.ActiveCfg = Debug|Any CPU
		{1B8A464E-B411-48E9-A9D0-97EEB1FB12FF}.AppStore|x64.Build.0 = Debug|Any CPU
		{1B8A464E-B411-48E9-A9D0-97EEB1FB12FF}.AppStore|x86.ActiveCfg = Debug|Any CPU
		{1B8A464E-B411-48E9-A9D0-97EEB1FB12FF}.AppStore|x86.Build.0 = Debug|Any CPU
		{1B8A464E-B411-48E9-A9D0-97EEB1FB12FF}.Debug|Any CPU.ActiveCfg = Debug|Any CPU
		{1B8A464E-B411-48E9-A9D0-97EEB1FB12FF}.Debug|Any CPU.Build.0 = Debug|Any CPU
		{1B8A464E-B411-48E9-A9D0-97EEB1FB12FF}.Debug|ARM.ActiveCfg = Debug|Any CPU
		{1B8A464E-B411-48E9-A9D0-97EEB1FB12FF}.Debug|ARM.Build.0 = Debug|Any CPU
		{1B8A464E-B411-48E9-A9D0-97EEB1FB12FF}.Debug|iPhone.ActiveCfg = Debug|Any CPU
		{1B8A464E-B411-48E9-A9D0-97EEB1FB12FF}.Debug|iPhone.Build.0 = Debug|Any CPU
		{1B8A464E-B411-48E9-A9D0-97EEB1FB12FF}.Debug|iPhoneSimulator.ActiveCfg = Debug|Any CPU
		{1B8A464E-B411-48E9-A9D0-97EEB1FB12FF}.Debug|iPhoneSimulator.Build.0 = Debug|Any CPU
		{1B8A464E-B411-48E9-A9D0-97EEB1FB12FF}.Debug|x64.ActiveCfg = Debug|Any CPU
		{1B8A464E-B411-48E9-A9D0-97EEB1FB12FF}.Debug|x64.Build.0 = Debug|Any CPU
		{1B8A464E-B411-48E9-A9D0-97EEB1FB12FF}.Debug|x86.ActiveCfg = Debug|Any CPU
		{1B8A464E-B411-48E9-A9D0-97EEB1FB12FF}.Debug|x86.Build.0 = Debug|Any CPU
		{1B8A464E-B411-48E9-A9D0-97EEB1FB12FF}.Release|Any CPU.ActiveCfg = Release|Any CPU
		{1B8A464E-B411-48E9-A9D0-97EEB1FB12FF}.Release|Any CPU.Build.0 = Release|Any CPU
		{1B8A464E-B411-48E9-A9D0-97EEB1FB12FF}.Release|ARM.ActiveCfg = Release|Any CPU
		{1B8A464E-B411-48E9-A9D0-97EEB1FB12FF}.Release|ARM.Build.0 = Release|Any CPU
		{1B8A464E-B411-48E9-A9D0-97EEB1FB12FF}.Release|iPhone.ActiveCfg = Release|Any CPU
		{1B8A464E-B411-48E9-A9D0-97EEB1FB12FF}.Release|iPhone.Build.0 = Release|Any CPU
		{1B8A464E-B411-48E9-A9D0-97EEB1FB12FF}.Release|iPhoneSimulator.ActiveCfg = Release|Any CPU
		{1B8A464E-B411-48E9-A9D0-97EEB1FB12FF}.Release|iPhoneSimulator.Build.0 = Release|Any CPU
		{1B8A464E-B411-48E9-A9D0-97EEB1FB12FF}.Release|x64.ActiveCfg = Release|Any CPU
		{1B8A464E-B411-48E9-A9D0-97EEB1FB12FF}.Release|x64.Build.0 = Release|Any CPU
		{1B8A464E-B411-48E9-A9D0-97EEB1FB12FF}.Release|x86.ActiveCfg = Release|Any CPU
		{1B8A464E-B411-48E9-A9D0-97EEB1FB12FF}.Release|x86.Build.0 = Release|Any CPU
		{3059B9F3-F724-47C9-B93C-059F5D947946}.Ad-Hoc|Any CPU.ActiveCfg = Ad-Hoc|iPhone
		{3059B9F3-F724-47C9-B93C-059F5D947946}.Ad-Hoc|ARM.ActiveCfg = Ad-Hoc|iPhone
		{3059B9F3-F724-47C9-B93C-059F5D947946}.Ad-Hoc|iPhone.ActiveCfg = Ad-Hoc|iPhone
		{3059B9F3-F724-47C9-B93C-059F5D947946}.Ad-Hoc|iPhone.Build.0 = Ad-Hoc|iPhone
		{3059B9F3-F724-47C9-B93C-059F5D947946}.Ad-Hoc|iPhoneSimulator.ActiveCfg = Ad-Hoc|iPhoneSimulator
		{3059B9F3-F724-47C9-B93C-059F5D947946}.Ad-Hoc|iPhoneSimulator.Build.0 = Ad-Hoc|iPhoneSimulator
		{3059B9F3-F724-47C9-B93C-059F5D947946}.Ad-Hoc|x64.ActiveCfg = Ad-Hoc|iPhone
		{3059B9F3-F724-47C9-B93C-059F5D947946}.Ad-Hoc|x86.ActiveCfg = Ad-Hoc|iPhone
		{3059B9F3-F724-47C9-B93C-059F5D947946}.AppStore|Any CPU.ActiveCfg = AppStore|iPhone
		{3059B9F3-F724-47C9-B93C-059F5D947946}.AppStore|ARM.ActiveCfg = AppStore|iPhone
		{3059B9F3-F724-47C9-B93C-059F5D947946}.AppStore|iPhone.ActiveCfg = AppStore|iPhone
		{3059B9F3-F724-47C9-B93C-059F5D947946}.AppStore|iPhone.Build.0 = AppStore|iPhone
		{3059B9F3-F724-47C9-B93C-059F5D947946}.AppStore|iPhoneSimulator.ActiveCfg = AppStore|iPhoneSimulator
		{3059B9F3-F724-47C9-B93C-059F5D947946}.AppStore|iPhoneSimulator.Build.0 = AppStore|iPhoneSimulator
		{3059B9F3-F724-47C9-B93C-059F5D947946}.AppStore|x64.ActiveCfg = AppStore|iPhone
		{3059B9F3-F724-47C9-B93C-059F5D947946}.AppStore|x86.ActiveCfg = AppStore|iPhone
		{3059B9F3-F724-47C9-B93C-059F5D947946}.Debug|Any CPU.ActiveCfg = Debug|iPhone
		{3059B9F3-F724-47C9-B93C-059F5D947946}.Debug|ARM.ActiveCfg = Debug|iPhone
		{3059B9F3-F724-47C9-B93C-059F5D947946}.Debug|iPhone.ActiveCfg = Debug|iPhone
		{3059B9F3-F724-47C9-B93C-059F5D947946}.Debug|iPhone.Build.0 = Debug|iPhone
		{3059B9F3-F724-47C9-B93C-059F5D947946}.Debug|iPhoneSimulator.ActiveCfg = Debug|iPhoneSimulator
		{3059B9F3-F724-47C9-B93C-059F5D947946}.Debug|iPhoneSimulator.Build.0 = Debug|iPhoneSimulator
		{3059B9F3-F724-47C9-B93C-059F5D947946}.Debug|x64.ActiveCfg = Debug|iPhone
		{3059B9F3-F724-47C9-B93C-059F5D947946}.Debug|x86.ActiveCfg = Debug|iPhone
		{3059B9F3-F724-47C9-B93C-059F5D947946}.Release|Any CPU.ActiveCfg = Release|iPhone
		{3059B9F3-F724-47C9-B93C-059F5D947946}.Release|ARM.ActiveCfg = Release|iPhone
		{3059B9F3-F724-47C9-B93C-059F5D947946}.Release|iPhone.ActiveCfg = Release|iPhone
		{3059B9F3-F724-47C9-B93C-059F5D947946}.Release|iPhone.Build.0 = Release|iPhone
		{3059B9F3-F724-47C9-B93C-059F5D947946}.Release|iPhoneSimulator.ActiveCfg = Release|iPhoneSimulator
		{3059B9F3-F724-47C9-B93C-059F5D947946}.Release|iPhoneSimulator.Build.0 = Release|iPhoneSimulator
		{3059B9F3-F724-47C9-B93C-059F5D947946}.Release|x64.ActiveCfg = Release|iPhone
		{3059B9F3-F724-47C9-B93C-059F5D947946}.Release|x86.ActiveCfg = Release|iPhone
		{4782B4BC-465B-4EBA-8D1A-CA15D8EA4722}.Ad-Hoc|Any CPU.ActiveCfg = Release|x86
		{4782B4BC-465B-4EBA-8D1A-CA15D8EA4722}.Ad-Hoc|Any CPU.Build.0 = Release|x86
		{4782B4BC-465B-4EBA-8D1A-CA15D8EA4722}.Ad-Hoc|Any CPU.Deploy.0 = Release|x86
		{4782B4BC-465B-4EBA-8D1A-CA15D8EA4722}.Ad-Hoc|ARM.ActiveCfg = Release|ARM
		{4782B4BC-465B-4EBA-8D1A-CA15D8EA4722}.Ad-Hoc|ARM.Build.0 = Release|ARM
		{4782B4BC-465B-4EBA-8D1A-CA15D8EA4722}.Ad-Hoc|ARM.Deploy.0 = Release|ARM
		{4782B4BC-465B-4EBA-8D1A-CA15D8EA4722}.Ad-Hoc|iPhone.ActiveCfg = Release|x86
		{4782B4BC-465B-4EBA-8D1A-CA15D8EA4722}.Ad-Hoc|iPhone.Build.0 = Release|x86
		{4782B4BC-465B-4EBA-8D1A-CA15D8EA4722}.Ad-Hoc|iPhone.Deploy.0 = Release|x86
		{4782B4BC-465B-4EBA-8D1A-CA15D8EA4722}.Ad-Hoc|iPhoneSimulator.ActiveCfg = Release|x86
		{4782B4BC-465B-4EBA-8D1A-CA15D8EA4722}.Ad-Hoc|iPhoneSimulator.Build.0 = Release|x86
		{4782B4BC-465B-4EBA-8D1A-CA15D8EA4722}.Ad-Hoc|iPhoneSimulator.Deploy.0 = Release|x86
		{4782B4BC-465B-4EBA-8D1A-CA15D8EA4722}.Ad-Hoc|x64.ActiveCfg = Release|x64
		{4782B4BC-465B-4EBA-8D1A-CA15D8EA4722}.Ad-Hoc|x64.Build.0 = Release|x64
		{4782B4BC-465B-4EBA-8D1A-CA15D8EA4722}.Ad-Hoc|x64.Deploy.0 = Release|x64
		{4782B4BC-465B-4EBA-8D1A-CA15D8EA4722}.Ad-Hoc|x86.ActiveCfg = Release|x86
		{4782B4BC-465B-4EBA-8D1A-CA15D8EA4722}.Ad-Hoc|x86.Build.0 = Release|x86
		{4782B4BC-465B-4EBA-8D1A-CA15D8EA4722}.Ad-Hoc|x86.Deploy.0 = Release|x86
		{4782B4BC-465B-4EBA-8D1A-CA15D8EA4722}.AppStore|Any CPU.ActiveCfg = Release|x86
		{4782B4BC-465B-4EBA-8D1A-CA15D8EA4722}.AppStore|Any CPU.Build.0 = Release|x86
		{4782B4BC-465B-4EBA-8D1A-CA15D8EA4722}.AppStore|Any CPU.Deploy.0 = Release|x86
		{4782B4BC-465B-4EBA-8D1A-CA15D8EA4722}.AppStore|ARM.ActiveCfg = Release|ARM
		{4782B4BC-465B-4EBA-8D1A-CA15D8EA4722}.AppStore|ARM.Build.0 = Release|ARM
		{4782B4BC-465B-4EBA-8D1A-CA15D8EA4722}.AppStore|ARM.Deploy.0 = Release|ARM
		{4782B4BC-465B-4EBA-8D1A-CA15D8EA4722}.AppStore|iPhone.ActiveCfg = Release|x86
		{4782B4BC-465B-4EBA-8D1A-CA15D8EA4722}.AppStore|iPhone.Build.0 = Release|x86
		{4782B4BC-465B-4EBA-8D1A-CA15D8EA4722}.AppStore|iPhone.Deploy.0 = Release|x86
		{4782B4BC-465B-4EBA-8D1A-CA15D8EA4722}.AppStore|iPhoneSimulator.ActiveCfg = Release|x86
		{4782B4BC-465B-4EBA-8D1A-CA15D8EA4722}.AppStore|iPhoneSimulator.Build.0 = Release|x86
		{4782B4BC-465B-4EBA-8D1A-CA15D8EA4722}.AppStore|iPhoneSimulator.Deploy.0 = Release|x86
		{4782B4BC-465B-4EBA-8D1A-CA15D8EA4722}.AppStore|x64.ActiveCfg = Release|x64
		{4782B4BC-465B-4EBA-8D1A-CA15D8EA4722}.AppStore|x64.Build.0 = Release|x64
		{4782B4BC-465B-4EBA-8D1A-CA15D8EA4722}.AppStore|x64.Deploy.0 = Release|x64
		{4782B4BC-465B-4EBA-8D1A-CA15D8EA4722}.AppStore|x86.ActiveCfg = Release|x86
		{4782B4BC-465B-4EBA-8D1A-CA15D8EA4722}.AppStore|x86.Build.0 = Release|x86
		{4782B4BC-465B-4EBA-8D1A-CA15D8EA4722}.AppStore|x86.Deploy.0 = Release|x86
		{4782B4BC-465B-4EBA-8D1A-CA15D8EA4722}.Debug|Any CPU.ActiveCfg = Debug|x86
		{4782B4BC-465B-4EBA-8D1A-CA15D8EA4722}.Debug|ARM.ActiveCfg = Debug|ARM
		{4782B4BC-465B-4EBA-8D1A-CA15D8EA4722}.Debug|ARM.Build.0 = Debug|ARM
		{4782B4BC-465B-4EBA-8D1A-CA15D8EA4722}.Debug|ARM.Deploy.0 = Debug|ARM
		{4782B4BC-465B-4EBA-8D1A-CA15D8EA4722}.Debug|iPhone.ActiveCfg = Debug|x86
		{4782B4BC-465B-4EBA-8D1A-CA15D8EA4722}.Debug|iPhoneSimulator.ActiveCfg = Debug|x86
		{4782B4BC-465B-4EBA-8D1A-CA15D8EA4722}.Debug|x64.ActiveCfg = Debug|x64
		{4782B4BC-465B-4EBA-8D1A-CA15D8EA4722}.Debug|x64.Build.0 = Debug|x64
		{4782B4BC-465B-4EBA-8D1A-CA15D8EA4722}.Debug|x64.Deploy.0 = Debug|x64
		{4782B4BC-465B-4EBA-8D1A-CA15D8EA4722}.Debug|x86.ActiveCfg = Debug|x86
		{4782B4BC-465B-4EBA-8D1A-CA15D8EA4722}.Debug|x86.Build.0 = Debug|x86
		{4782B4BC-465B-4EBA-8D1A-CA15D8EA4722}.Debug|x86.Deploy.0 = Debug|x86
		{4782B4BC-465B-4EBA-8D1A-CA15D8EA4722}.Release|Any CPU.ActiveCfg = Release|x86
		{4782B4BC-465B-4EBA-8D1A-CA15D8EA4722}.Release|ARM.ActiveCfg = Release|ARM
		{4782B4BC-465B-4EBA-8D1A-CA15D8EA4722}.Release|ARM.Build.0 = Release|ARM
		{4782B4BC-465B-4EBA-8D1A-CA15D8EA4722}.Release|ARM.Deploy.0 = Release|ARM
		{4782B4BC-465B-4EBA-8D1A-CA15D8EA4722}.Release|iPhone.ActiveCfg = Release|x86
		{4782B4BC-465B-4EBA-8D1A-CA15D8EA4722}.Release|iPhoneSimulator.ActiveCfg = Release|x86
		{4782B4BC-465B-4EBA-8D1A-CA15D8EA4722}.Release|x64.ActiveCfg = Release|x64
		{4782B4BC-465B-4EBA-8D1A-CA15D8EA4722}.Release|x64.Build.0 = Release|x64
		{4782B4BC-465B-4EBA-8D1A-CA15D8EA4722}.Release|x64.Deploy.0 = Release|x64
		{4782B4BC-465B-4EBA-8D1A-CA15D8EA4722}.Release|x86.ActiveCfg = Release|x86
		{4782B4BC-465B-4EBA-8D1A-CA15D8EA4722}.Release|x86.Build.0 = Release|x86
		{4782B4BC-465B-4EBA-8D1A-CA15D8EA4722}.Release|x86.Deploy.0 = Release|x86
		{36F76237-6F35-4BDB-B022-CE108BACE423}.Ad-Hoc|Any CPU.ActiveCfg = Release|Any CPU
		{36F76237-6F35-4BDB-B022-CE108BACE423}.Ad-Hoc|Any CPU.Build.0 = Release|Any CPU
		{36F76237-6F35-4BDB-B022-CE108BACE423}.Ad-Hoc|ARM.ActiveCfg = Release|Any CPU
		{36F76237-6F35-4BDB-B022-CE108BACE423}.Ad-Hoc|ARM.Build.0 = Release|Any CPU
		{36F76237-6F35-4BDB-B022-CE108BACE423}.Ad-Hoc|iPhone.ActiveCfg = Release|Any CPU
		{36F76237-6F35-4BDB-B022-CE108BACE423}.Ad-Hoc|iPhone.Build.0 = Release|Any CPU
		{36F76237-6F35-4BDB-B022-CE108BACE423}.Ad-Hoc|iPhoneSimulator.ActiveCfg = Release|Any CPU
		{36F76237-6F35-4BDB-B022-CE108BACE423}.Ad-Hoc|iPhoneSimulator.Build.0 = Release|Any CPU
		{36F76237-6F35-4BDB-B022-CE108BACE423}.Ad-Hoc|x64.ActiveCfg = Release|Any CPU
		{36F76237-6F35-4BDB-B022-CE108BACE423}.Ad-Hoc|x64.Build.0 = Release|Any CPU
		{36F76237-6F35-4BDB-B022-CE108BACE423}.Ad-Hoc|x86.ActiveCfg = Release|Any CPU
		{36F76237-6F35-4BDB-B022-CE108BACE423}.Ad-Hoc|x86.Build.0 = Release|Any CPU
		{36F76237-6F35-4BDB-B022-CE108BACE423}.AppStore|Any CPU.ActiveCfg = Release|Any CPU
		{36F76237-6F35-4BDB-B022-CE108BACE423}.AppStore|Any CPU.Build.0 = Release|Any CPU
		{36F76237-6F35-4BDB-B022-CE108BACE423}.AppStore|ARM.ActiveCfg = Release|Any CPU
		{36F76237-6F35-4BDB-B022-CE108BACE423}.AppStore|ARM.Build.0 = Release|Any CPU
		{36F76237-6F35-4BDB-B022-CE108BACE423}.AppStore|iPhone.ActiveCfg = Release|Any CPU
		{36F76237-6F35-4BDB-B022-CE108BACE423}.AppStore|iPhone.Build.0 = Release|Any CPU
		{36F76237-6F35-4BDB-B022-CE108BACE423}.AppStore|iPhoneSimulator.ActiveCfg = Release|Any CPU
		{36F76237-6F35-4BDB-B022-CE108BACE423}.AppStore|iPhoneSimulator.Build.0 = Release|Any CPU
		{36F76237-6F35-4BDB-B022-CE108BACE423}.AppStore|x64.ActiveCfg = Release|Any CPU
		{36F76237-6F35-4BDB-B022-CE108BACE423}.AppStore|x64.Build.0 = Release|Any CPU
		{36F76237-6F35-4BDB-B022-CE108BACE423}.AppStore|x86.ActiveCfg = Release|Any CPU
		{36F76237-6F35-4BDB-B022-CE108BACE423}.AppStore|x86.Build.0 = Release|Any CPU
		{36F76237-6F35-4BDB-B022-CE108BACE423}.Debug|Any CPU.ActiveCfg = Debug|Any CPU
		{36F76237-6F35-4BDB-B022-CE108BACE423}.Debug|Any CPU.Build.0 = Debug|Any CPU
		{36F76237-6F35-4BDB-B022-CE108BACE423}.Debug|ARM.ActiveCfg = Debug|Any CPU
		{36F76237-6F35-4BDB-B022-CE108BACE423}.Debug|ARM.Build.0 = Debug|Any CPU
		{36F76237-6F35-4BDB-B022-CE108BACE423}.Debug|iPhone.ActiveCfg = Debug|Any CPU
		{36F76237-6F35-4BDB-B022-CE108BACE423}.Debug|iPhone.Build.0 = Debug|Any CPU
		{36F76237-6F35-4BDB-B022-CE108BACE423}.Debug|iPhoneSimulator.ActiveCfg = Debug|Any CPU
		{36F76237-6F35-4BDB-B022-CE108BACE423}.Debug|iPhoneSimulator.Build.0 = Debug|Any CPU
		{36F76237-6F35-4BDB-B022-CE108BACE423}.Debug|x64.ActiveCfg = Debug|Any CPU
		{36F76237-6F35-4BDB-B022-CE108BACE423}.Debug|x64.Build.0 = Debug|Any CPU
		{36F76237-6F35-4BDB-B022-CE108BACE423}.Debug|x86.ActiveCfg = Debug|Any CPU
		{36F76237-6F35-4BDB-B022-CE108BACE423}.Debug|x86.Build.0 = Debug|Any CPU
		{36F76237-6F35-4BDB-B022-CE108BACE423}.Release|Any CPU.ActiveCfg = Release|Any CPU
		{36F76237-6F35-4BDB-B022-CE108BACE423}.Release|Any CPU.Build.0 = Release|Any CPU
		{36F76237-6F35-4BDB-B022-CE108BACE423}.Release|ARM.ActiveCfg = Release|Any CPU
		{36F76237-6F35-4BDB-B022-CE108BACE423}.Release|ARM.Build.0 = Release|Any CPU
		{36F76237-6F35-4BDB-B022-CE108BACE423}.Release|iPhone.ActiveCfg = Release|Any CPU
		{36F76237-6F35-4BDB-B022-CE108BACE423}.Release|iPhone.Build.0 = Release|Any CPU
		{36F76237-6F35-4BDB-B022-CE108BACE423}.Release|iPhoneSimulator.ActiveCfg = Release|Any CPU
		{36F76237-6F35-4BDB-B022-CE108BACE423}.Release|iPhoneSimulator.Build.0 = Release|Any CPU
		{36F76237-6F35-4BDB-B022-CE108BACE423}.Release|x64.ActiveCfg = Release|Any CPU
		{36F76237-6F35-4BDB-B022-CE108BACE423}.Release|x64.Build.0 = Release|Any CPU
		{36F76237-6F35-4BDB-B022-CE108BACE423}.Release|x86.ActiveCfg = Release|Any CPU
		{36F76237-6F35-4BDB-B022-CE108BACE423}.Release|x86.Build.0 = Release|Any CPU
		{20028E37-ADC8-44A1-B8D5-FB626F5A0B6F}.Ad-Hoc|Any CPU.ActiveCfg = Release|Any CPU
		{20028E37-ADC8-44A1-B8D5-FB626F5A0B6F}.Ad-Hoc|Any CPU.Build.0 = Release|Any CPU
		{20028E37-ADC8-44A1-B8D5-FB626F5A0B6F}.Ad-Hoc|ARM.ActiveCfg = Release|Any CPU
		{20028E37-ADC8-44A1-B8D5-FB626F5A0B6F}.Ad-Hoc|ARM.Build.0 = Release|Any CPU
		{20028E37-ADC8-44A1-B8D5-FB626F5A0B6F}.Ad-Hoc|iPhone.ActiveCfg = Release|Any CPU
		{20028E37-ADC8-44A1-B8D5-FB626F5A0B6F}.Ad-Hoc|iPhone.Build.0 = Release|Any CPU
		{20028E37-ADC8-44A1-B8D5-FB626F5A0B6F}.Ad-Hoc|iPhoneSimulator.ActiveCfg = Release|Any CPU
		{20028E37-ADC8-44A1-B8D5-FB626F5A0B6F}.Ad-Hoc|iPhoneSimulator.Build.0 = Release|Any CPU
		{20028E37-ADC8-44A1-B8D5-FB626F5A0B6F}.Ad-Hoc|x64.ActiveCfg = Release|Any CPU
		{20028E37-ADC8-44A1-B8D5-FB626F5A0B6F}.Ad-Hoc|x64.Build.0 = Release|Any CPU
		{20028E37-ADC8-44A1-B8D5-FB626F5A0B6F}.Ad-Hoc|x86.ActiveCfg = Release|Any CPU
		{20028E37-ADC8-44A1-B8D5-FB626F5A0B6F}.Ad-Hoc|x86.Build.0 = Release|Any CPU
		{20028E37-ADC8-44A1-B8D5-FB626F5A0B6F}.AppStore|Any CPU.ActiveCfg = Release|Any CPU
		{20028E37-ADC8-44A1-B8D5-FB626F5A0B6F}.AppStore|Any CPU.Build.0 = Release|Any CPU
		{20028E37-ADC8-44A1-B8D5-FB626F5A0B6F}.AppStore|ARM.ActiveCfg = Release|Any CPU
		{20028E37-ADC8-44A1-B8D5-FB626F5A0B6F}.AppStore|ARM.Build.0 = Release|Any CPU
		{20028E37-ADC8-44A1-B8D5-FB626F5A0B6F}.AppStore|iPhone.ActiveCfg = Release|Any CPU
		{20028E37-ADC8-44A1-B8D5-FB626F5A0B6F}.AppStore|iPhone.Build.0 = Release|Any CPU
		{20028E37-ADC8-44A1-B8D5-FB626F5A0B6F}.AppStore|iPhoneSimulator.ActiveCfg = Release|Any CPU
		{20028E37-ADC8-44A1-B8D5-FB626F5A0B6F}.AppStore|iPhoneSimulator.Build.0 = Release|Any CPU
		{20028E37-ADC8-44A1-B8D5-FB626F5A0B6F}.AppStore|x64.ActiveCfg = Release|Any CPU
		{20028E37-ADC8-44A1-B8D5-FB626F5A0B6F}.AppStore|x64.Build.0 = Release|Any CPU
		{20028E37-ADC8-44A1-B8D5-FB626F5A0B6F}.AppStore|x86.ActiveCfg = Release|Any CPU
		{20028E37-ADC8-44A1-B8D5-FB626F5A0B6F}.AppStore|x86.Build.0 = Release|Any CPU
		{20028E37-ADC8-44A1-B8D5-FB626F5A0B6F}.Debug|Any CPU.ActiveCfg = Debug|Any CPU
		{20028E37-ADC8-44A1-B8D5-FB626F5A0B6F}.Debug|Any CPU.Build.0 = Debug|Any CPU
		{20028E37-ADC8-44A1-B8D5-FB626F5A0B6F}.Debug|ARM.ActiveCfg = Debug|Any CPU
		{20028E37-ADC8-44A1-B8D5-FB626F5A0B6F}.Debug|ARM.Build.0 = Debug|Any CPU
		{20028E37-ADC8-44A1-B8D5-FB626F5A0B6F}.Debug|iPhone.ActiveCfg = Debug|Any CPU
		{20028E37-ADC8-44A1-B8D5-FB626F5A0B6F}.Debug|iPhone.Build.0 = Debug|Any CPU
		{20028E37-ADC8-44A1-B8D5-FB626F5A0B6F}.Debug|iPhoneSimulator.ActiveCfg = Debug|Any CPU
		{20028E37-ADC8-44A1-B8D5-FB626F5A0B6F}.Debug|iPhoneSimulator.Build.0 = Debug|Any CPU
		{20028E37-ADC8-44A1-B8D5-FB626F5A0B6F}.Debug|x64.ActiveCfg = Debug|Any CPU
		{20028E37-ADC8-44A1-B8D5-FB626F5A0B6F}.Debug|x64.Build.0 = Debug|Any CPU
		{20028E37-ADC8-44A1-B8D5-FB626F5A0B6F}.Debug|x86.ActiveCfg = Debug|Any CPU
		{20028E37-ADC8-44A1-B8D5-FB626F5A0B6F}.Debug|x86.Build.0 = Debug|Any CPU
		{20028E37-ADC8-44A1-B8D5-FB626F5A0B6F}.Release|Any CPU.ActiveCfg = Release|Any CPU
		{20028E37-ADC8-44A1-B8D5-FB626F5A0B6F}.Release|Any CPU.Build.0 = Release|Any CPU
		{20028E37-ADC8-44A1-B8D5-FB626F5A0B6F}.Release|ARM.ActiveCfg = Release|Any CPU
		{20028E37-ADC8-44A1-B8D5-FB626F5A0B6F}.Release|ARM.Build.0 = Release|Any CPU
		{20028E37-ADC8-44A1-B8D5-FB626F5A0B6F}.Release|iPhone.ActiveCfg = Release|Any CPU
		{20028E37-ADC8-44A1-B8D5-FB626F5A0B6F}.Release|iPhone.Build.0 = Release|Any CPU
		{20028E37-ADC8-44A1-B8D5-FB626F5A0B6F}.Release|iPhoneSimulator.ActiveCfg = Release|Any CPU
		{20028E37-ADC8-44A1-B8D5-FB626F5A0B6F}.Release|iPhoneSimulator.Build.0 = Release|Any CPU
		{20028E37-ADC8-44A1-B8D5-FB626F5A0B6F}.Release|x64.ActiveCfg = Release|Any CPU
		{20028E37-ADC8-44A1-B8D5-FB626F5A0B6F}.Release|x64.Build.0 = Release|Any CPU
		{20028E37-ADC8-44A1-B8D5-FB626F5A0B6F}.Release|x86.ActiveCfg = Release|Any CPU
		{20028E37-ADC8-44A1-B8D5-FB626F5A0B6F}.Release|x86.Build.0 = Release|Any CPU
		{4871C0A0-D893-4610-9FEB-74CF04575FFD}.Ad-Hoc|Any CPU.ActiveCfg = Release|Any CPU
		{4871C0A0-D893-4610-9FEB-74CF04575FFD}.Ad-Hoc|Any CPU.Build.0 = Release|Any CPU
		{4871C0A0-D893-4610-9FEB-74CF04575FFD}.Ad-Hoc|ARM.ActiveCfg = Release|Any CPU
		{4871C0A0-D893-4610-9FEB-74CF04575FFD}.Ad-Hoc|ARM.Build.0 = Release|Any CPU
		{4871C0A0-D893-4610-9FEB-74CF04575FFD}.Ad-Hoc|iPhone.ActiveCfg = Release|Any CPU
		{4871C0A0-D893-4610-9FEB-74CF04575FFD}.Ad-Hoc|iPhone.Build.0 = Release|Any CPU
		{4871C0A0-D893-4610-9FEB-74CF04575FFD}.Ad-Hoc|iPhoneSimulator.ActiveCfg = Release|Any CPU
		{4871C0A0-D893-4610-9FEB-74CF04575FFD}.Ad-Hoc|iPhoneSimulator.Build.0 = Release|Any CPU
		{4871C0A0-D893-4610-9FEB-74CF04575FFD}.Ad-Hoc|x64.ActiveCfg = Release|Any CPU
		{4871C0A0-D893-4610-9FEB-74CF04575FFD}.Ad-Hoc|x64.Build.0 = Release|Any CPU
		{4871C0A0-D893-4610-9FEB-74CF04575FFD}.Ad-Hoc|x86.ActiveCfg = Release|Any CPU
		{4871C0A0-D893-4610-9FEB-74CF04575FFD}.Ad-Hoc|x86.Build.0 = Release|Any CPU
		{4871C0A0-D893-4610-9FEB-74CF04575FFD}.AppStore|Any CPU.ActiveCfg = Release|Any CPU
		{4871C0A0-D893-4610-9FEB-74CF04575FFD}.AppStore|Any CPU.Build.0 = Release|Any CPU
		{4871C0A0-D893-4610-9FEB-74CF04575FFD}.AppStore|ARM.ActiveCfg = Release|Any CPU
		{4871C0A0-D893-4610-9FEB-74CF04575FFD}.AppStore|ARM.Build.0 = Release|Any CPU
		{4871C0A0-D893-4610-9FEB-74CF04575FFD}.AppStore|iPhone.ActiveCfg = Release|Any CPU
		{4871C0A0-D893-4610-9FEB-74CF04575FFD}.AppStore|iPhone.Build.0 = Release|Any CPU
		{4871C0A0-D893-4610-9FEB-74CF04575FFD}.AppStore|iPhoneSimulator.ActiveCfg = Release|Any CPU
		{4871C0A0-D893-4610-9FEB-74CF04575FFD}.AppStore|iPhoneSimulator.Build.0 = Release|Any CPU
		{4871C0A0-D893-4610-9FEB-74CF04575FFD}.AppStore|x64.ActiveCfg = Release|Any CPU
		{4871C0A0-D893-4610-9FEB-74CF04575FFD}.AppStore|x64.Build.0 = Release|Any CPU
		{4871C0A0-D893-4610-9FEB-74CF04575FFD}.AppStore|x86.ActiveCfg = Release|Any CPU
		{4871C0A0-D893-4610-9FEB-74CF04575FFD}.AppStore|x86.Build.0 = Release|Any CPU
		{4871C0A0-D893-4610-9FEB-74CF04575FFD}.Debug|Any CPU.ActiveCfg = Debug|Any CPU
		{4871C0A0-D893-4610-9FEB-74CF04575FFD}.Debug|Any CPU.Build.0 = Debug|Any CPU
		{4871C0A0-D893-4610-9FEB-74CF04575FFD}.Debug|Any CPU.Deploy.0 = Debug|Any CPU
		{4871C0A0-D893-4610-9FEB-74CF04575FFD}.Debug|ARM.ActiveCfg = Debug|Any CPU
		{4871C0A0-D893-4610-9FEB-74CF04575FFD}.Debug|ARM.Build.0 = Debug|Any CPU
		{4871C0A0-D893-4610-9FEB-74CF04575FFD}.Debug|iPhone.ActiveCfg = Debug|Any CPU
		{4871C0A0-D893-4610-9FEB-74CF04575FFD}.Debug|iPhone.Build.0 = Debug|Any CPU
		{4871C0A0-D893-4610-9FEB-74CF04575FFD}.Debug|iPhoneSimulator.ActiveCfg = Debug|Any CPU
		{4871C0A0-D893-4610-9FEB-74CF04575FFD}.Debug|iPhoneSimulator.Build.0 = Debug|Any CPU
		{4871C0A0-D893-4610-9FEB-74CF04575FFD}.Debug|x64.ActiveCfg = Debug|Any CPU
		{4871C0A0-D893-4610-9FEB-74CF04575FFD}.Debug|x64.Build.0 = Debug|Any CPU
		{4871C0A0-D893-4610-9FEB-74CF04575FFD}.Debug|x86.ActiveCfg = Debug|Any CPU
		{4871C0A0-D893-4610-9FEB-74CF04575FFD}.Debug|x86.Build.0 = Debug|Any CPU
		{4871C0A0-D893-4610-9FEB-74CF04575FFD}.Release|Any CPU.ActiveCfg = Release|Any CPU
		{4871C0A0-D893-4610-9FEB-74CF04575FFD}.Release|Any CPU.Build.0 = Release|Any CPU
		{4871C0A0-D893-4610-9FEB-74CF04575FFD}.Release|Any CPU.Deploy.0 = Release|Any CPU
		{4871C0A0-D893-4610-9FEB-74CF04575FFD}.Release|ARM.ActiveCfg = Release|Any CPU
		{4871C0A0-D893-4610-9FEB-74CF04575FFD}.Release|ARM.Build.0 = Release|Any CPU
		{4871C0A0-D893-4610-9FEB-74CF04575FFD}.Release|iPhone.ActiveCfg = Release|Any CPU
		{4871C0A0-D893-4610-9FEB-74CF04575FFD}.Release|iPhone.Build.0 = Release|Any CPU
		{4871C0A0-D893-4610-9FEB-74CF04575FFD}.Release|iPhoneSimulator.ActiveCfg = Release|Any CPU
		{4871C0A0-D893-4610-9FEB-74CF04575FFD}.Release|iPhoneSimulator.Build.0 = Release|Any CPU
		{4871C0A0-D893-4610-9FEB-74CF04575FFD}.Release|x64.ActiveCfg = Release|Any CPU
		{4871C0A0-D893-4610-9FEB-74CF04575FFD}.Release|x64.Build.0 = Release|Any CPU
		{4871C0A0-D893-4610-9FEB-74CF04575FFD}.Release|x86.ActiveCfg = Release|Any CPU
		{4871C0A0-D893-4610-9FEB-74CF04575FFD}.Release|x86.Build.0 = Release|Any CPU
		{6162D349-333B-4232-AA63-BAB63C5ADC90}.Ad-Hoc|Any CPU.ActiveCfg = Release|Any CPU
		{6162D349-333B-4232-AA63-BAB63C5ADC90}.Ad-Hoc|Any CPU.Build.0 = Release|Any CPU
		{6162D349-333B-4232-AA63-BAB63C5ADC90}.Ad-Hoc|ARM.ActiveCfg = Release|Any CPU
		{6162D349-333B-4232-AA63-BAB63C5ADC90}.Ad-Hoc|ARM.Build.0 = Release|Any CPU
		{6162D349-333B-4232-AA63-BAB63C5ADC90}.Ad-Hoc|iPhone.ActiveCfg = Release|Any CPU
		{6162D349-333B-4232-AA63-BAB63C5ADC90}.Ad-Hoc|iPhone.Build.0 = Release|Any CPU
		{6162D349-333B-4232-AA63-BAB63C5ADC90}.Ad-Hoc|iPhoneSimulator.ActiveCfg = Release|Any CPU
		{6162D349-333B-4232-AA63-BAB63C5ADC90}.Ad-Hoc|iPhoneSimulator.Build.0 = Release|Any CPU
		{6162D349-333B-4232-AA63-BAB63C5ADC90}.Ad-Hoc|x64.ActiveCfg = Release|Any CPU
		{6162D349-333B-4232-AA63-BAB63C5ADC90}.Ad-Hoc|x64.Build.0 = Release|Any CPU
		{6162D349-333B-4232-AA63-BAB63C5ADC90}.Ad-Hoc|x86.ActiveCfg = Release|Any CPU
		{6162D349-333B-4232-AA63-BAB63C5ADC90}.Ad-Hoc|x86.Build.0 = Release|Any CPU
		{6162D349-333B-4232-AA63-BAB63C5ADC90}.AppStore|Any CPU.ActiveCfg = Release|Any CPU
		{6162D349-333B-4232-AA63-BAB63C5ADC90}.AppStore|Any CPU.Build.0 = Release|Any CPU
		{6162D349-333B-4232-AA63-BAB63C5ADC90}.AppStore|ARM.ActiveCfg = Release|Any CPU
		{6162D349-333B-4232-AA63-BAB63C5ADC90}.AppStore|ARM.Build.0 = Release|Any CPU
		{6162D349-333B-4232-AA63-BAB63C5ADC90}.AppStore|iPhone.ActiveCfg = Release|Any CPU
		{6162D349-333B-4232-AA63-BAB63C5ADC90}.AppStore|iPhone.Build.0 = Release|Any CPU
		{6162D349-333B-4232-AA63-BAB63C5ADC90}.AppStore|iPhoneSimulator.ActiveCfg = Release|Any CPU
		{6162D349-333B-4232-AA63-BAB63C5ADC90}.AppStore|iPhoneSimulator.Build.0 = Release|Any CPU
		{6162D349-333B-4232-AA63-BAB63C5ADC90}.AppStore|x64.ActiveCfg = Release|Any CPU
		{6162D349-333B-4232-AA63-BAB63C5ADC90}.AppStore|x64.Build.0 = Release|Any CPU
		{6162D349-333B-4232-AA63-BAB63C5ADC90}.AppStore|x86.ActiveCfg = Release|Any CPU
		{6162D349-333B-4232-AA63-BAB63C5ADC90}.AppStore|x86.Build.0 = Release|Any CPU
		{6162D349-333B-4232-AA63-BAB63C5ADC90}.Debug|Any CPU.ActiveCfg = Debug|Any CPU
		{6162D349-333B-4232-AA63-BAB63C5ADC90}.Debug|Any CPU.Build.0 = Debug|Any CPU
		{6162D349-333B-4232-AA63-BAB63C5ADC90}.Debug|ARM.ActiveCfg = Debug|Any CPU
		{6162D349-333B-4232-AA63-BAB63C5ADC90}.Debug|ARM.Build.0 = Debug|Any CPU
		{6162D349-333B-4232-AA63-BAB63C5ADC90}.Debug|iPhone.ActiveCfg = Debug|Any CPU
		{6162D349-333B-4232-AA63-BAB63C5ADC90}.Debug|iPhone.Build.0 = Debug|Any CPU
		{6162D349-333B-4232-AA63-BAB63C5ADC90}.Debug|iPhoneSimulator.ActiveCfg = Debug|Any CPU
		{6162D349-333B-4232-AA63-BAB63C5ADC90}.Debug|iPhoneSimulator.Build.0 = Debug|Any CPU
		{6162D349-333B-4232-AA63-BAB63C5ADC90}.Debug|x64.ActiveCfg = Debug|Any CPU
		{6162D349-333B-4232-AA63-BAB63C5ADC90}.Debug|x64.Build.0 = Debug|Any CPU
		{6162D349-333B-4232-AA63-BAB63C5ADC90}.Debug|x86.ActiveCfg = Debug|Any CPU
		{6162D349-333B-4232-AA63-BAB63C5ADC90}.Debug|x86.Build.0 = Debug|Any CPU
		{6162D349-333B-4232-AA63-BAB63C5ADC90}.Release|Any CPU.ActiveCfg = Release|Any CPU
		{6162D349-333B-4232-AA63-BAB63C5ADC90}.Release|Any CPU.Build.0 = Release|Any CPU
		{6162D349-333B-4232-AA63-BAB63C5ADC90}.Release|ARM.ActiveCfg = Release|Any CPU
		{6162D349-333B-4232-AA63-BAB63C5ADC90}.Release|ARM.Build.0 = Release|Any CPU
		{6162D349-333B-4232-AA63-BAB63C5ADC90}.Release|iPhone.ActiveCfg = Release|Any CPU
		{6162D349-333B-4232-AA63-BAB63C5ADC90}.Release|iPhone.Build.0 = Release|Any CPU
		{6162D349-333B-4232-AA63-BAB63C5ADC90}.Release|iPhoneSimulator.ActiveCfg = Release|Any CPU
		{6162D349-333B-4232-AA63-BAB63C5ADC90}.Release|iPhoneSimulator.Build.0 = Release|Any CPU
		{6162D349-333B-4232-AA63-BAB63C5ADC90}.Release|x64.ActiveCfg = Release|Any CPU
		{6162D349-333B-4232-AA63-BAB63C5ADC90}.Release|x64.Build.0 = Release|Any CPU
		{6162D349-333B-4232-AA63-BAB63C5ADC90}.Release|x86.ActiveCfg = Release|Any CPU
		{6162D349-333B-4232-AA63-BAB63C5ADC90}.Release|x86.Build.0 = Release|Any CPU
		{8C6A1B6A-8587-4729-91F2-3E3830B93C98}.Ad-Hoc|Any CPU.ActiveCfg = Release|x64
		{8C6A1B6A-8587-4729-91F2-3E3830B93C98}.Ad-Hoc|Any CPU.Build.0 = Release|x64
		{8C6A1B6A-8587-4729-91F2-3E3830B93C98}.Ad-Hoc|Any CPU.Deploy.0 = Release|x64
		{8C6A1B6A-8587-4729-91F2-3E3830B93C98}.Ad-Hoc|ARM.ActiveCfg = Release|ARM
		{8C6A1B6A-8587-4729-91F2-3E3830B93C98}.Ad-Hoc|ARM.Build.0 = Release|ARM
		{8C6A1B6A-8587-4729-91F2-3E3830B93C98}.Ad-Hoc|ARM.Deploy.0 = Release|ARM
		{8C6A1B6A-8587-4729-91F2-3E3830B93C98}.Ad-Hoc|ARM64.ActiveCfg = Release|ARM64
		{8C6A1B6A-8587-4729-91F2-3E3830B93C98}.Ad-Hoc|ARM64.Build.0 = Release|ARM64
		{8C6A1B6A-8587-4729-91F2-3E3830B93C98}.Ad-Hoc|ARM64.Deploy.0 = Release|ARM64
		{8C6A1B6A-8587-4729-91F2-3E3830B93C98}.Ad-Hoc|iPhone.ActiveCfg = Release|x64
		{8C6A1B6A-8587-4729-91F2-3E3830B93C98}.Ad-Hoc|iPhone.Build.0 = Release|x64
		{8C6A1B6A-8587-4729-91F2-3E3830B93C98}.Ad-Hoc|iPhone.Deploy.0 = Release|x64
		{8C6A1B6A-8587-4729-91F2-3E3830B93C98}.Ad-Hoc|iPhoneSimulator.ActiveCfg = Release|x64
		{8C6A1B6A-8587-4729-91F2-3E3830B93C98}.Ad-Hoc|iPhoneSimulator.Build.0 = Release|x64
		{8C6A1B6A-8587-4729-91F2-3E3830B93C98}.Ad-Hoc|iPhoneSimulator.Deploy.0 = Release|x64
		{8C6A1B6A-8587-4729-91F2-3E3830B93C98}.Ad-Hoc|x64.ActiveCfg = Release|x64
		{8C6A1B6A-8587-4729-91F2-3E3830B93C98}.Ad-Hoc|x64.Build.0 = Release|x64
		{8C6A1B6A-8587-4729-91F2-3E3830B93C98}.Ad-Hoc|x64.Deploy.0 = Release|x64
		{8C6A1B6A-8587-4729-91F2-3E3830B93C98}.Ad-Hoc|x86.ActiveCfg = Release|x86
		{8C6A1B6A-8587-4729-91F2-3E3830B93C98}.Ad-Hoc|x86.Build.0 = Release|x86
		{8C6A1B6A-8587-4729-91F2-3E3830B93C98}.Ad-Hoc|x86.Deploy.0 = Release|x86
		{8C6A1B6A-8587-4729-91F2-3E3830B93C98}.AppStore|Any CPU.ActiveCfg = Release|x64
		{8C6A1B6A-8587-4729-91F2-3E3830B93C98}.AppStore|Any CPU.Build.0 = Release|x64
		{8C6A1B6A-8587-4729-91F2-3E3830B93C98}.AppStore|Any CPU.Deploy.0 = Release|x64
		{8C6A1B6A-8587-4729-91F2-3E3830B93C98}.AppStore|ARM.ActiveCfg = Release|ARM
		{8C6A1B6A-8587-4729-91F2-3E3830B93C98}.AppStore|ARM.Build.0 = Release|ARM
		{8C6A1B6A-8587-4729-91F2-3E3830B93C98}.AppStore|ARM.Deploy.0 = Release|ARM
		{8C6A1B6A-8587-4729-91F2-3E3830B93C98}.AppStore|ARM64.ActiveCfg = Release|ARM64
		{8C6A1B6A-8587-4729-91F2-3E3830B93C98}.AppStore|ARM64.Build.0 = Release|ARM64
		{8C6A1B6A-8587-4729-91F2-3E3830B93C98}.AppStore|ARM64.Deploy.0 = Release|ARM64
		{8C6A1B6A-8587-4729-91F2-3E3830B93C98}.AppStore|iPhone.ActiveCfg = Release|x64
		{8C6A1B6A-8587-4729-91F2-3E3830B93C98}.AppStore|iPhone.Build.0 = Release|x64
		{8C6A1B6A-8587-4729-91F2-3E3830B93C98}.AppStore|iPhone.Deploy.0 = Release|x64
		{8C6A1B6A-8587-4729-91F2-3E3830B93C98}.AppStore|iPhoneSimulator.ActiveCfg = Release|x64
		{8C6A1B6A-8587-4729-91F2-3E3830B93C98}.AppStore|iPhoneSimulator.Build.0 = Release|x64
		{8C6A1B6A-8587-4729-91F2-3E3830B93C98}.AppStore|iPhoneSimulator.Deploy.0 = Release|x64
		{8C6A1B6A-8587-4729-91F2-3E3830B93C98}.AppStore|x64.ActiveCfg = Release|x64
		{8C6A1B6A-8587-4729-91F2-3E3830B93C98}.AppStore|x64.Build.0 = Release|x64
		{8C6A1B6A-8587-4729-91F2-3E3830B93C98}.AppStore|x64.Deploy.0 = Release|x64
		{8C6A1B6A-8587-4729-91F2-3E3830B93C98}.AppStore|x86.ActiveCfg = Release|x86
		{8C6A1B6A-8587-4729-91F2-3E3830B93C98}.AppStore|x86.Build.0 = Release|x86
		{8C6A1B6A-8587-4729-91F2-3E3830B93C98}.AppStore|x86.Deploy.0 = Release|x86
		{8C6A1B6A-8587-4729-91F2-3E3830B93C98}.Debug|Any CPU.ActiveCfg = Debug|x86
		{8C6A1B6A-8587-4729-91F2-3E3830B93C98}.Debug|ARM.ActiveCfg = Debug|ARM
		{8C6A1B6A-8587-4729-91F2-3E3830B93C98}.Debug|ARM.Build.0 = Debug|ARM
		{8C6A1B6A-8587-4729-91F2-3E3830B93C98}.Debug|ARM.Deploy.0 = Debug|ARM
		{8C6A1B6A-8587-4729-91F2-3E3830B93C98}.Debug|ARM64.ActiveCfg = Debug|ARM64
		{8C6A1B6A-8587-4729-91F2-3E3830B93C98}.Debug|ARM64.Build.0 = Debug|ARM64
		{8C6A1B6A-8587-4729-91F2-3E3830B93C98}.Debug|ARM64.Deploy.0 = Debug|ARM64
		{8C6A1B6A-8587-4729-91F2-3E3830B93C98}.Debug|iPhone.ActiveCfg = Debug|x86
		{8C6A1B6A-8587-4729-91F2-3E3830B93C98}.Debug|iPhoneSimulator.ActiveCfg = Debug|x86
		{8C6A1B6A-8587-4729-91F2-3E3830B93C98}.Debug|x64.ActiveCfg = Debug|x64
		{8C6A1B6A-8587-4729-91F2-3E3830B93C98}.Debug|x64.Build.0 = Debug|x64
		{8C6A1B6A-8587-4729-91F2-3E3830B93C98}.Debug|x64.Deploy.0 = Debug|x64
		{8C6A1B6A-8587-4729-91F2-3E3830B93C98}.Debug|x86.ActiveCfg = Debug|x86
		{8C6A1B6A-8587-4729-91F2-3E3830B93C98}.Debug|x86.Build.0 = Debug|x86
		{8C6A1B6A-8587-4729-91F2-3E3830B93C98}.Debug|x86.Deploy.0 = Debug|x86
		{8C6A1B6A-8587-4729-91F2-3E3830B93C98}.Release|Any CPU.ActiveCfg = Release|x86
		{8C6A1B6A-8587-4729-91F2-3E3830B93C98}.Release|ARM.ActiveCfg = Release|ARM
		{8C6A1B6A-8587-4729-91F2-3E3830B93C98}.Release|ARM.Build.0 = Release|ARM
		{8C6A1B6A-8587-4729-91F2-3E3830B93C98}.Release|ARM.Deploy.0 = Release|ARM
		{8C6A1B6A-8587-4729-91F2-3E3830B93C98}.Release|ARM64.ActiveCfg = Release|ARM64
		{8C6A1B6A-8587-4729-91F2-3E3830B93C98}.Release|ARM64.Build.0 = Release|ARM64
		{8C6A1B6A-8587-4729-91F2-3E3830B93C98}.Release|ARM64.Deploy.0 = Release|ARM64
		{8C6A1B6A-8587-4729-91F2-3E3830B93C98}.Release|iPhone.ActiveCfg = Release|x86
		{8C6A1B6A-8587-4729-91F2-3E3830B93C98}.Release|iPhoneSimulator.ActiveCfg = Release|x86
		{8C6A1B6A-8587-4729-91F2-3E3830B93C98}.Release|x64.ActiveCfg = Release|x64
		{8C6A1B6A-8587-4729-91F2-3E3830B93C98}.Release|x64.Build.0 = Release|x64
		{8C6A1B6A-8587-4729-91F2-3E3830B93C98}.Release|x64.Deploy.0 = Release|x64
		{8C6A1B6A-8587-4729-91F2-3E3830B93C98}.Release|x86.ActiveCfg = Release|x86
		{8C6A1B6A-8587-4729-91F2-3E3830B93C98}.Release|x86.Build.0 = Release|x86
		{8C6A1B6A-8587-4729-91F2-3E3830B93C98}.Release|x86.Deploy.0 = Release|x86
	EndGlobalSection
	GlobalSection(SolutionProperties) = preSolution
		HideSolutionNode = FALSE
	EndGlobalSection
	GlobalSection(ExtensibilityGlobals) = postSolution
		SolutionGuid = {F6D05029-56B8-4E45-AF2D-0E76295DDBA2}
	EndGlobalSection
EndGlobal
